
Microsoft Visual Studio Solution File, Format Version 12.00
# Visual Studio 14
VisualStudioVersion = 14.0.25420.1
MinimumVisualStudioVersion = 10.0.40219.1
Project("{FAE04EC0-301F-11D3-BF4B-00C04F79EFBC}") = "AS3pauloborba_v0-2-2", "AS3pauloborba_v0-2-2\AS3pauloborba_v0-2-2.csproj", "{C4A42E0C-93B2-445B-A0A9-C9B49C81ABBF}"
EndProject
Global
	GlobalSection(SolutionConfigurationPlatforms) = preSolution
		Debug|Any CPU = Debug|Any CPU
		Release|Any CPU = Release|Any CPU
	EndGlobalSection
	GlobalSection(ProjectConfigurationPlatforms) = postSolution
		{C4A42E0C-93B2-445B-A0A9-C9B49C81ABBF}.Debug|Any CPU.ActiveCfg = Debug|Any CPU
		{C4A42E0C-93B2-445B-A0A9-C9B49C81ABBF}.Debug|Any CPU.Build.0 = Debug|Any CPU
		{C4A42E0C-93B2-445B-A0A9-C9B49C81ABBF}.Release|Any CPU.ActiveCfg = Release|Any CPU
		{C4A42E0C-93B2-445B-A0A9-C9B49C81ABBF}.Release|Any CPU.Build.0 = Release|Any CPU
	EndGlobalSection
	GlobalSection(SolutionProperties) = preSolution
		HideSolutionNode = FALSE
	EndGlobalSection
EndGlobal
